// !$*UTF8*$!
{
	archiveVersion = 1;
	classes = {
	};
	objectVersion = 50;
	objects = {

/* Begin PBXBuildFile section */
		79A91062242933FC00DCC705 /* AppDelegate.swift in Sources */ = {isa = PBXBuildFile; fileRef = 79A91061242933FC00DCC705 /* AppDelegate.swift */; };
		79A91064242933FC00DCC705 /* SceneDelegate.swift in Sources */ = {isa = PBXBuildFile; fileRef = 79A91063242933FC00DCC705 /* SceneDelegate.swift */; };
		79A91066242933FC00DCC705 /* ViewController.swift in Sources */ = {isa = PBXBuildFile; fileRef = 79A91065242933FC00DCC705 /* ViewController.swift */; };
		79A91069242933FC00DCC705 /* Main.storyboard in Resources */ = {isa = PBXBuildFile; fileRef = 79A91067242933FC00DCC705 /* Main.storyboard */; };
		79A9106B242933FD00DCC705 /* Assets.xcassets in Resources */ = {isa = PBXBuildFile; fileRef = 79A9106A242933FD00DCC705 /* Assets.xcassets */; };
		79A9106E242933FD00DCC705 /* LaunchScreen.storyboard in Resources */ = {isa = PBXBuildFile; fileRef = 79A9106C242933FD00DCC705 /* LaunchScreen.storyboard */; };
		79A910762429C57300DCC705 /* AudioKit.framework in Frameworks */ = {isa = PBXBuildFile; fileRef = 79A910752429C57300DCC705 /* AudioKit.framework */; };
		79A910782429C5E000DCC705 /* Synth.swift in Sources */ = {isa = PBXBuildFile; fileRef = 79A910772429C5E000DCC705 /* Synth.swift */; };
/* End PBXBuildFile section */

/* Begin PBXFileReference section */
		79A9105E242933FC00DCC705 /* MotionSynth.app */ = {isa = PBXFileReference; explicitFileType = wrapper.application; includeInIndex = 0; path = MotionSynth.app; sourceTree = BUILT_PRODUCTS_DIR; };
		79A91061242933FC00DCC705 /* AppDelegate.swift */ = {isa = PBXFileReference; lastKnownFileType = sourcecode.swift; path = AppDelegate.swift; sourceTree = "<group>"; };
		79A91063242933FC00DCC705 /* SceneDelegate.swift */ = {isa = PBXFileReference; lastKnownFileType = sourcecode.swift; path = SceneDelegate.swift; sourceTree = "<group>"; };
		79A91065242933FC00DCC705 /* ViewController.swift */ = {isa = PBXFileReference; lastKnownFileType = sourcecode.swift; path = ViewController.swift; sourceTree = "<group>"; };
		79A91068242933FC00DCC705 /* Base */ = {isa = PBXFileReference; lastKnownFileType = file.storyboard; name = Base; path = Base.lproj/Main.storyboard; sourceTree = "<group>"; };
		79A9106A242933FD00DCC705 /* Assets.xcassets */ = {isa = PBXFileReference; lastKnownFileType = folder.assetcatalog; path = Assets.xcassets; sourceTree = "<group>"; };
		79A9106D242933FD00DCC705 /* Base */ = {isa = PBXFileReference; lastKnownFileType = file.storyboard; name = Base; path = Base.lproj/LaunchScreen.storyboard; sourceTree = "<group>"; };
		79A9106F242933FD00DCC705 /* Info.plist */ = {isa = PBXFileReference; lastKnownFileType = text.plist.xml; path = Info.plist; sourceTree = "<group>"; };
		79A910752429C57300DCC705 /* AudioKit.framework */ = {isa = PBXFileReference; lastKnownFileType = wrapper.framework; path = AudioKit.framework; sourceTree = "<group>"; };
		79A910772429C5E000DCC705 /* Synth.swift */ = {isa = PBXFileReference; lastKnownFileType = sourcecode.swift; path = Synth.swift; sourceTree = "<group>"; };
/* End PBXFileReference section */

/* Begin PBXFrameworksBuildPhase section */
		79A9105B242933FC00DCC705 /* Frameworks */ = {
			isa = PBXFrameworksBuildPhase;
			buildActionMask = 2147483647;
			files = (
				79A910762429C57300DCC705 /* AudioKit.framework in Frameworks */,
			);
			runOnlyForDeploymentPostprocessing = 0;
		};
/* End PBXFrameworksBuildPhase section */

/* Begin PBXGroup section */
		79A91055242933FC00DCC705 = {
			isa = PBXGroup;
			children = (
				79A91060242933FC00DCC705 /* MotionSynth */,
				79A9105F242933FC00DCC705 /* Products */,
			);
			sourceTree = "<group>";
		};
		79A9105F242933FC00DCC705 /* Products */ = {
			isa = PBXGroup;
			children = (
				79A9105E242933FC00DCC705 /* MotionSynth.app */,
			);
			name = Products;
			sourceTree = "<group>";
		};
		79A91060242933FC00DCC705 /* MotionSynth */ = {
			isa = PBXGroup;
			children = (
				79A91061242933FC00DCC705 /* AppDelegate.swift */,
				79A91063242933FC00DCC705 /* SceneDelegate.swift */,
				79A91065242933FC00DCC705 /* ViewController.swift */,
				79A91067242933FC00DCC705 /* Main.storyboard */,
				79A9106A242933FD00DCC705 /* Assets.xcassets */,
				79A9106C242933FD00DCC705 /* LaunchScreen.storyboard */,
				79A9106F242933FD00DCC705 /* Info.plist */,
				79A910752429C57300DCC705 /* AudioKit.framework */,
				79A910772429C5E000DCC705 /* Synth.swift */,
			);
			path = MotionSynth;
			sourceTree = "<group>";
		};
/* End PBXGroup section */

/* Begin PBXNativeTarget section */
		79A9105D242933FC00DCC705 /* MotionSynth */ = {
			isa = PBXNativeTarget;
			buildConfigurationList = 79A91072242933FD00DCC705 /* Build configuration list for PBXNativeTarget "MotionSynth" */;
			buildPhases = (
				79A9105A242933FC00DCC705 /* Sources */,
				79A9105B242933FC00DCC705 /* Frameworks */,
				79A9105C242933FC00DCC705 /* Resources */,
			);
			buildRules = (
			);
			dependencies = (
			);
			name = MotionSynth;
			productName = MotionSynth;
			productReference = 79A9105E242933FC00DCC705 /* MotionSynth.app */;
			productType = "com.apple.product-type.application";
		};
/* End PBXNativeTarget section */

/* Begin PBXProject section */
		79A91056242933FC00DCC705 /* Project object */ = {
			isa = PBXProject;
			attributes = {
				LastSwiftUpdateCheck = 1130;
				LastUpgradeCheck = 1130;
				ORGANIZATIONNAME = "Mateo Larrea Ferro";
				TargetAttributes = {
					79A9105D242933FC00DCC705 = {
						CreatedOnToolsVersion = 11.3.1;
					};
				};
			};
			buildConfigurationList = 79A91059242933FC00DCC705 /* Build configuration list for PBXProject "MotionSynth" */;
			compatibilityVersion = "Xcode 9.3";
			developmentRegion = en;
			hasScannedForEncodings = 0;
			knownRegions = (
				en,
				Base,
			);
			mainGroup = 79A91055242933FC00DCC705;
			productRefGroup = 79A9105F242933FC00DCC705 /* Products */;
			projectDirPath = "";
			projectRoot = "";
			targets = (
				79A9105D242933FC00DCC705 /* MotionSynth */,
			);
		};
/* End PBXProject section */

/* Begin PBXResourcesBuildPhase section */
		79A9105C242933FC00DCC705 /* Resources */ = {
			isa = PBXResourcesBuildPhase;
			buildActionMask = 2147483647;
			files = (
				79A9106E242933FD00DCC705 /* LaunchScreen.storyboard in Resources */,
				79A9106B242933FD00DCC705 /* Assets.xcassets in Resources */,
				79A91069242933FC00DCC705 /* Main.storyboard in Resources */,
			);
			runOnlyForDeploymentPostprocessing = 0;
		};
/* End PBXResourcesBuildPhase section */

/* Begin PBXSourcesBuildPhase section */
		79A9105A242933FC00DCC705 /* Sources */ = {
			isa = PBXSourcesBuildPhase;
			buildActionMask = 2147483647;
			files = (
				79A910782429C5E000DCC705 /* Synth.swift in Sources */,
				79A91066242933FC00DCC705 /* ViewController.swift in Sources */,
				79A91062242933FC00DCC705 /* AppDelegate.swift in Sources */,
				79A91064242933FC00DCC705 /* SceneDelegate.swift in Sources */,
			);
			runOnlyForDeploymentPostprocessing = 0;
		};
/* End PBXSourcesBuildPhase section */

/* Begin PBXVariantGroup section */
		79A91067242933FC00DCC705 /* Main.storyboard */ = {
			isa = PBXVariantGroup;
			children = (
				79A91068242933FC00DCC705 /* Base */,
			);
			name = Main.storyboard;
			sourceTree = "<group>";
		};
		79A9106C242933FD00DCC705 /* LaunchScreen.storyboard */ = {
			isa = PBXVariantGroup;
			children = (
				79A9106D242933FD00DCC705 /* Base */,
			);
			name = LaunchScreen.storyboard;
			sourceTree = "<group>";
		};
/* End PBXVariantGroup section */

/* Begin XCBuildConfiguration section */
		79A91070242933FD00DCC705 /* Debug */ = {
			isa = XCBuildConfiguration;
			buildSettings = {
				ALWAYS_SEARCH_USER_PATHS = NO;
				CLANG_ANALYZER_NONNULL = YES;
				CLANG_ANALYZER_NUMBER_OBJECT_CONVERSION = YES_AGGRESSIVE;
				CLANG_CXX_LANGUAGE_STANDARD = "gnu++14";
				CLANG_CXX_LIBRARY = "libc++";
				CLANG_ENABLE_MODULES = YES;
				CLANG_ENABLE_OBJC_ARC = YES;
				CLANG_ENABLE_OBJC_WEAK = YES;
				CLANG_WARN_BLOCK_CAPTURE_AUTORELEASING = YES;
				CLANG_WARN_BOOL_CONVERSION = YES;
				CLANG_WARN_COMMA = YES;
				CLANG_WARN_CONSTANT_CONVERSION = YES;
				CLANG_WARN_DEPRECATED_OBJC_IMPLEMENTATIONS = YES;
				CLANG_WARN_DIRECT_OBJC_ISA_USAGE = YES_ERROR;
				CLANG_WARN_DOCUMENTATION_COMMENTS = YES;
				CLANG_WARN_EMPTY_BODY = YES;
				CLANG_WARN_ENUM_CONVERSION = YES;
				CLANG_WARN_INFINITE_RECURSION = YES;
				CLANG_WARN_INT_CONVERSION = YES;
				CLANG_WARN_NON_LITERAL_NULL_CONVERSION = YES;
				CLANG_WARN_OBJC_IMPLICIT_RETAIN_SELF = YES;
				CLANG_WARN_OBJC_LITERAL_CONVERSION = YES;
				CLANG_WARN_OBJC_ROOT_CLASS = YES_ERROR;
				CLANG_WARN_RANGE_LOOP_ANALYSIS = YES;
				CLANG_WARN_STRICT_PROTOTYPES = YES;
				CLANG_WARN_SUSPICIOUS_MOVE = YES;
				CLANG_WARN_UNGUARDED_AVAILABILITY = YES_AGGRESSIVE;
				CLANG_WARN_UNREACHABLE_CODE = YES;
				CLANG_WARN__DUPLICATE_METHOD_MATCH = YES;
				COPY_PHASE_STRIP = NO;
				DEBUG_INFORMATION_FORMAT = dwarf;
				ENABLE_STRICT_OBJC_MSGSEND = YES;
				ENABLE_TESTABILITY = YES;
				GCC_C_LANGUAGE_STANDARD = gnu11;
				GCC_DYNAMIC_NO_PIC = NO;
				GCC_NO_COMMON_BLOCKS = YES;
				GCC_OPTIMIZATION_LEVEL = 0;
				GCC_PREPROCESSOR_DEFINITIONS = (
					"DEBUG=1",
					"$(inherited)",
				);
				GCC_WARN_64_TO_32_BIT_CONVERSION = YES;
				GCC_WARN_ABOUT_RETURN_TYPE = YES_ERROR;
				GCC_WARN_UNDECLARED_SELECTOR = YES;
				GCC_WARN_UNINITIALIZED_AUTOS = YES_AGGRESSIVE;
				GCC_WARN_UNUSED_FUNCTION = YES;
				GCC_WARN_UNUSED_VARIABLE = YES;
				IPHONEOS_DEPLOYMENT_TARGET = 13.2;
				MTL_ENABLE_DEBUG_INFO = INCLUDE_SOURCE;
				MTL_FAST_MATH = YES;
				ONLY_ACTIVE_ARCH = YES;
				SDKROOT = iphoneos;
				SWIFT_ACTIVE_COMPILATION_CONDITIONS = DEBUG;
				SWIFT_OPTIMIZATION_LEVEL = "-Onone";
			};
			name = Debug;
		};
		79A91071242933FD00DCC705 /* Release */ = {
			isa = XCBuildConfiguration;
			buildSettings = {
				ALWAYS_SEARCH_USER_PATHS = NO;
				CLANG_ANALYZER_NONNULL = YES;
				CLANG_ANALYZER_NUMBER_OBJECT_CONVERSION = YES_AGGRESSIVE;
				CLANG_CXX_LANGUAGE_STANDARD = "gnu++14";
				CLANG_CXX_LIBRARY = "libc++";
				CLANG_ENABLE_MODULES = YES;
				CLANG_ENABLE_OBJC_ARC = YES;
				CLANG_ENABLE_OBJC_WEAK = YES;
				CLANG_WARN_BLOCK_CAPTURE_AUTORELEASING = YES;
				CLANG_WARN_BOOL_CONVERSION = YES;
				CLANG_WARN_COMMA = YES;
				CLANG_WARN_CONSTANT_CONVERSION = YES;
				CLANG_WARN_DEPRECATED_OBJC_IMPLEMENTATIONS = YES;
				CLANG_WARN_DIRECT_OBJC_ISA_USAGE = YES_ERROR;
				CLANG_WARN_DOCUMENTATION_COMMENTS = YES;
				CLANG_WARN_EMPTY_BODY = YES;
				CLANG_WARN_ENUM_CONVERSION = YES;
				CLANG_WARN_INFINITE_RECURSION = YES;
				CLANG_WARN_INT_CONVERSION = YES;
				CLANG_WARN_NON_LITERAL_NULL_CONVERSION = YES;
				CLANG_WARN_OBJC_IMPLICIT_RETAIN_SELF = YES;
				CLANG_WARN_OBJC_LITERAL_CONVERSION = YES;
				CLANG_WARN_OBJC_ROOT_CLASS = YES_ERROR;
				CLANG_WARN_RANGE_LOOP_ANALYSIS = YES;
				CLANG_WARN_STRICT_PROTOTYPES = YES;
				CLANG_WARN_SUSPICIOUS_MOVE = YES;
				CLANG_WARN_UNGUARDED_AVAILABILITY = YES_AGGRESSIVE;
				CLANG_WARN_UNREACHABLE_CODE = YES;
				CLANG_WARN__DUPLICATE_METHOD_MATCH = YES;
				COPY_PHASE_STRIP = NO;
				DEBUG_INFORMATION_FORMAT = "dwarf-with-dsym";
				ENABLE_NS_ASSERTIONS = NO;
				ENABLE_STRICT_OBJC_MSGSEND = YES;
				GCC_C_LANGUAGE_STANDARD = gnu11;
				GCC_NO_COMMON_BLOCKS = YES;
				GCC_WARN_64_TO_32_BIT_CONVERSION = YES;
				GCC_WARN_ABOUT_RETURN_TYPE = YES_ERROR;
				GCC_WARN_UNDECLARED_SELECTOR = YES;
				GCC_WARN_UNINITIALIZED_AUTOS = YES_AGGRESSIVE;
				GCC_WARN_UNUSED_FUNCTION = YES;
				GCC_WARN_UNUSED_VARIABLE = YES;
				IPHONEOS_DEPLOYMENT_TARGET = 13.2;
				MTL_ENABLE_DEBUG_INFO = NO;
				MTL_FAST_MATH = YES;
				SDKROOT = iphoneos;
				SWIFT_COMPILATION_MODE = wholemodule;
				SWIFT_OPTIMIZATION_LEVEL = "-O";
				VALIDATE_PRODUCT = YES;
			};
			name = Release;
		};
		79A91073242933FD00DCC705 /* Debug */ = {
			isa = XCBuildConfiguration;
			buildSettings = {
				ASSETCATALOG_COMPILER_APPICON_NAME = AppIcon;
				CODE_SIGN_STYLE = Automatic;
				DEVELOPMENT_TEAM = GP4A794S32;
				FRAMEWORK_SEARCH_PATHS = (
					"$(inherited)",
					"$(PROJECT_DIR)/MotionSynth",
				);
				INFOPLIST_FILE = MotionSynth/Info.plist;
				LD_RUNPATH_SEARCH_PATHS = (
					"$(inherited)",
					"@executable_path/Frameworks",
				);
				OTHER_LDFLAGS = "-lc++";
				PRODUCT_BUNDLE_IDENTIFIER = "edu.berklee-aerralm.MotionSynth";
				PRODUCT_NAME = "$(TARGET_NAME)";
				SWIFT_VERSION = 5.0;
				TARGETED_DEVICE_FAMILY = "1,2";
			};
			name = Debug;
		};
		79A91074242933FD00DCC705 /* Release */ = {
			isa = XCBuildConfiguration;
			buildSettings = {
				ASSETCATALOG_COMPILER_APPICON_NAME = AppIcon;
				CODE_SIGN_STYLE = Automatic;
				DEVELOPMENT_TEAM = GP4A794S32;
				FRAMEWORK_SEARCH_PATHS = (
					"$(inherited)",
					"$(PROJECT_DIR)/MotionSynth",
				);
				INFOPLIST_FILE = MotionSynth/Info.plist;
				LD_RUNPATH_SEARCH_PATHS = (
					"$(inherited)",
					"@executable_path/Frameworks",
				);
				OTHER_LDFLAGS = "-lc++";
				PRODUCT_BUNDLE_IDENTIFIER = "edu.berklee-aerralm.MotionSynth";
				PRODUCT_NAME = "$(TARGET_NAME)";
				SWIFT_VERSION = 5.0;
				TARGETED_DEVICE_FAMILY = "1,2";
			};
			name = Release;
		};
/* End XCBuildConfiguration section */

/* Begin XCConfigurationList section */
		79A91059242933FC00DCC705 /* Build configuration list for PBXProject "MotionSynth" */ = {
			isa = XCConfigurationList;
			buildConfigurations = (
				79A91070242933FD00DCC705 /* Debug */,
				79A91071242933FD00DCC705 /* Release */,
			);
			defaultConfigurationIsVisible = 0;
			defaultConfigurationName = Release;
		};
		79A91072242933FD00DCC705 /* Build configuration list for PBXNativeTarget "MotionSynth" */ = {
			isa = XCConfigurationList;
			buildConfigurations = (
				79A91073242933FD00DCC705 /* Debug */,
				79A91074242933FD00DCC705 /* Release */,
			);
			defaultConfigurationIsVisible = 0;
			defaultConfigurationName = Release;
		};
/* End XCConfigurationList section */
	};
	rootObject = 79A91056242933FC00DCC705 /* Project object */;
}
